
Microsoft Visual Studio Solution File, Format Version 12.00
# Visual Studio 14
VisualStudioVersion = 14.0.25420.1
MinimumVisualStudioVersion = 10.0.40219.1
Project("{FAE04EC0-301F-11D3-BF4B-00C04F79EFBC}") = "htgt", "htgt\htgt.csproj", "{A929BD79-9D78-4C5E-B7B2-83E6605C7ABD}"
EndProject
Project("{FAE04EC0-301F-11D3-BF4B-00C04F79EFBC}") = "htgtemails", "htgtemails\htgtemails.csproj", "{E0670274-9AE5-4F32-AAEE-8BF4CFE604CE}"
EndProject
Project("{FAE04EC0-301F-11D3-BF4B-00C04F79EFBC}") = "HTGT.Data", "HTGT.Data\HTGT.Data.csproj", "{41BEF95A-6E3E-4BC7-9590-F114D652B137}"
EndProject
Global
	GlobalSection(SolutionConfigurationPlatforms) = preSolution
		Debug|Any CPU = Debug|Any CPU
		Release|Any CPU = Release|Any CPU
	EndGlobalSection
	GlobalSection(ProjectConfigurationPlatforms) = postSolution
		{A929BD79-9D78-4C5E-B7B2-83E6605C7ABD}.Debug|Any CPU.ActiveCfg = Debug|Any CPU
		{A929BD79-9D78-4C5E-B7B2-83E6605C7ABD}.Debug|Any CPU.Build.0 = Debug|Any CPU
		{A929BD79-9D78-4C5E-B7B2-83E6605C7ABD}.Release|Any CPU.ActiveCfg = Release|Any CPU
		{A929BD79-9D78-4C5E-B7B2-83E6605C7ABD}.Release|Any CPU.Build.0 = Release|Any CPU
		{E0670274-9AE5-4F32-AAEE-8BF4CFE604CE}.Debug|Any CPU.ActiveCfg = Debug|Any CPU
		{E0670274-9AE5-4F32-AAEE-8BF4CFE604CE}.Debug|Any CPU.Build.0 = Debug|Any CPU
		{E0670274-9AE5-4F32-AAEE-8BF4CFE604CE}.Release|Any CPU.ActiveCfg = Release|Any CPU
		{E0670274-9AE5-4F32-AAEE-8BF4CFE604CE}.Release|Any CPU.Build.0 = Release|Any CPU
		{41BEF95A-6E3E-4BC7-9590-F114D652B137}.Debug|Any CPU.ActiveCfg = Debug|Any CPU
		{41BEF95A-6E3E-4BC7-9590-F114D652B137}.Debug|Any CPU.Build.0 = Debug|Any CPU
		{41BEF95A-6E3E-4BC7-9590-F114D652B137}.Release|Any CPU.ActiveCfg = Release|Any CPU
		{41BEF95A-6E3E-4BC7-9590-F114D652B137}.Release|Any CPU.Build.0 = Release|Any CPU
	EndGlobalSection
	GlobalSection(SolutionProperties) = preSolution
		HideSolutionNode = FALSE
	EndGlobalSection
EndGlobal
